
Microsoft Visual Studio Solution File, Format Version 12.00
Project("{FAE04EC0-301F-11D3-BF4B-00C04F79EFBC}") = "App.API", "App.API\App.API.csproj", "{D3D145FC-6CF4-4394-B073-0782F59C500F}"
EndProject
Project("{FAE04EC0-301F-11D3-BF4B-00C04F79EFBC}") = "App.Services", "App.Services\App.Services.csproj", "{66E97738-4C8A-4087-8920-73AF707F2291}"
EndProject
Project("{FAE04EC0-301F-11D3-BF4B-00C04F79EFBC}") = "App.Repositories", "App.Repositories\App.Repositories.csproj", "{32AA0BD3-67CA-476F-9B5F-10572816D636}"
EndProject
Global
	GlobalSection(SolutionConfigurationPlatforms) = preSolution
		Debug|Any CPU = Debug|Any CPU
		Release|Any CPU = Release|Any CPU
	EndGlobalSection
	GlobalSection(ProjectConfigurationPlatforms) = postSolution
		{D3D145FC-6CF4-4394-B073-0782F59C500F}.Debug|Any CPU.ActiveCfg = Debug|Any CPU
		{D3D145FC-6CF4-4394-B073-0782F59C500F}.Debug|Any CPU.Build.0 = Debug|Any CPU
		{D3D145FC-6CF4-4394-B073-0782F59C500F}.Release|Any CPU.ActiveCfg = Release|Any CPU
		{D3D145FC-6CF4-4394-B073-0782F59C500F}.Release|Any CPU.Build.0 = Release|Any CPU
		{66E97738-4C8A-4087-8920-73AF707F2291}.Debug|Any CPU.ActiveCfg = Debug|Any CPU
		{66E97738-4C8A-4087-8920-73AF707F2291}.Debug|Any CPU.Build.0 = Debug|Any CPU
		{66E97738-4C8A-4087-8920-73AF707F2291}.Release|Any CPU.ActiveCfg = Release|Any CPU
		{66E97738-4C8A-4087-8920-73AF707F2291}.Release|Any CPU.Build.0 = Release|Any CPU
		{32AA0BD3-67CA-476F-9B5F-10572816D636}.Debug|Any CPU.ActiveCfg = Debug|Any CPU
		{32AA0BD3-67CA-476F-9B5F-10572816D636}.Debug|Any CPU.Build.0 = Debug|Any CPU
		{32AA0BD3-67CA-476F-9B5F-10572816D636}.Release|Any CPU.ActiveCfg = Release|Any CPU
		{32AA0BD3-67CA-476F-9B5F-10572816D636}.Release|Any CPU.Build.0 = Release|Any CPU
	EndGlobalSection
EndGlobal
